
Microsoft Visual Studio Solution File, Format Version 12.00
# Visual Studio Version 17
VisualStudioVersion = 17.10.35013.160
MinimumVisualStudioVersion = 10.0.40219.1
Project("{FAE04EC0-301F-11D3-BF4B-00C04F79EFBC}") = "ConsoleAppCsharpBasics", "ConsoleAppCsharpBasics.csproj", "{86B14D81-6744-466E-B333-DA12A9224364}"
EndProject
Global
	GlobalSection(SolutionConfigurationPlatforms) = preSolution
		Debug|Any CPU = Debug|Any CPU
		Release|Any CPU = Release|Any CPU
	EndGlobalSection
	GlobalSection(ProjectConfigurationPlatforms) = postSolution
		{86B14D81-6744-466E-B333-DA12A9224364}.Debug|Any CPU.ActiveCfg = Debug|Any CPU
		{86B14D81-6744-466E-B333-DA12A9224364}.Debug|Any CPU.Build.0 = Debug|Any CPU
		{86B14D81-6744-466E-B333-DA12A9224364}.Release|Any CPU.ActiveCfg = Release|Any CPU
		{86B14D81-6744-466E-B333-DA12A9224364}.Release|Any CPU.Build.0 = Release|Any CPU
	EndGlobalSection
	GlobalSection(SolutionProperties) = preSolution
		HideSolutionNode = FALSE
	EndGlobalSection
	GlobalSection(ExtensibilityGlobals) = postSolution
		SolutionGuid = {D5788D41-36A2-4716-99BB-626F1A6837FC}
	EndGlobalSection
EndGlobal
